
Microsoft Visual Studio Solution File, Format Version 12.00
# Visual Studio Version 17
VisualStudioVersion = 17.13.35825.156
MinimumVisualStudioVersion = 10.0.40219.1
Project("{FAE04EC0-301F-11D3-BF4B-00C04F79EFBC}") = "ExternalUserServiceLibrary", "ExternalUserServiceLibrary\ExternalUserServiceLibrary.csproj", "{1FA741D7-4792-4E94-8BD1-9638125545BA}"
EndProject
Project("{FAE04EC0-301F-11D3-BF4B-00C04F79EFBC}") = "ExternalUserDemoApp", "ExternalUserDemoApp\ExternalUserDemoApp.csproj", "{5CC445E5-0434-4153-8DE7-055E5219C592}"
EndProject
Project("{FAE04EC0-301F-11D3-BF4B-00C04F79EFBC}") = "ExternalUserServiceLibrary.Tests", "ExternalUserServiceLibraryTests\ExternalUserServiceLibrary.Tests.csproj", "{C3B184AA-8C73-449E-BAAC-80CE12D6C7F1}"
EndProject
Global
	GlobalSection(SolutionConfigurationPlatforms) = preSolution
		Debug|Any CPU = Debug|Any CPU
		Release|Any CPU = Release|Any CPU
	EndGlobalSection
	GlobalSection(ProjectConfigurationPlatforms) = postSolution
		{1FA741D7-4792-4E94-8BD1-9638125545BA}.Debug|Any CPU.ActiveCfg = Debug|Any CPU
		{1FA741D7-4792-4E94-8BD1-9638125545BA}.Debug|Any CPU.Build.0 = Debug|Any CPU
		{1FA741D7-4792-4E94-8BD1-9638125545BA}.Release|Any CPU.ActiveCfg = Release|Any CPU
		{1FA741D7-4792-4E94-8BD1-9638125545BA}.Release|Any CPU.Build.0 = Release|Any CPU
		{5CC445E5-0434-4153-8DE7-055E5219C592}.Debug|Any CPU.ActiveCfg = Debug|Any CPU
		{5CC445E5-0434-4153-8DE7-055E5219C592}.Debug|Any CPU.Build.0 = Debug|Any CPU
		{5CC445E5-0434-4153-8DE7-055E5219C592}.Release|Any CPU.ActiveCfg = Release|Any CPU
		{5CC445E5-0434-4153-8DE7-055E5219C592}.Release|Any CPU.Build.0 = Release|Any CPU
		{C3B184AA-8C73-449E-BAAC-80CE12D6C7F1}.Debug|Any CPU.ActiveCfg = Debug|Any CPU
		{C3B184AA-8C73-449E-BAAC-80CE12D6C7F1}.Debug|Any CPU.Build.0 = Debug|Any CPU
		{C3B184AA-8C73-449E-BAAC-80CE12D6C7F1}.Release|Any CPU.ActiveCfg = Release|Any CPU
		{C3B184AA-8C73-449E-BAAC-80CE12D6C7F1}.Release|Any CPU.Build.0 = Release|Any CPU
	EndGlobalSection
	GlobalSection(SolutionProperties) = preSolution
		HideSolutionNode = FALSE
	EndGlobalSection
	GlobalSection(ExtensibilityGlobals) = postSolution
		SolutionGuid = {3706F5BF-95F5-4D7E-8DCB-1F049193FC63}
	EndGlobalSection
EndGlobal
